<?xml version="1.0" encoding="utf-8"?>
<Project ToolsVersion="4.0" xmlns="http://schemas.microsoft.com/developer/msbuild/2003">
  <ItemGroup>
    <Filter Include="ソース ファイル">
      <UniqueIdentifier>{4FC737F1-C7A5-4376-A066-2A32D752A2FF}</UniqueIdentifier>
      <Extensions>cpp;c;cc;cxx;def;odl;idl;hpj;bat;asm;asmx</Extensions>
    </Filter>
    <Filter Include="ヘッダー ファイル">
      <UniqueIdentifier>{93995380-89BD-4b04-88EB-625FBE52EBFB}</UniqueIdentifier>
      <Extensions>h;hh;hpp;hxx;hm;inl;inc;xsd</Extensions>
    </Filter>
    <Filter Include="リソース ファイル">
      <UniqueIdentifier>{67DA6AB6-F800-4c08-8B7A-83BB121AAD01}</UniqueIdentifier>
      <Extensions>rc;ico;cur;bmp;dlg;rc2;rct;bin;rgs;gif;jpg;jpeg;jpe;resx;tiff;tif;png;wav;mfcribbon-ms</Extensions>
    </Filter>
    <Filter Include="XCBase">
      <UniqueIdentifier>{7357ff82-ad50-4e8f-9f37-b2aa5c66e4df}</UniqueIdentifier>
    </Filter>
  </ItemGroup>
  <ItemGroup>
    <ClInclude Include="stdafx.h">
      <Filter>ヘッダー ファイル</Filter>
    </ClInclude>
    <ClInclude Include="targetver.h">
      <Filter>ヘッダー ファイル</Filter>
    </ClInclude>
    <ClInclude Include="..\..\allocator.hpp">
      <Filter>XCBase</Filter>
    </ClInclude>
    <ClInclude Include="..\..\array_queue.hpp">
      <Filter>XCBase</Filter>
    </ClInclude>
    <ClInclude Include="..\..\bitset.hpp">
      <Filter>XCBase</Filter>
    </ClInclude>
    <ClInclude Include="..\..\bytes.hpp">
      <Filter>XCBase</Filter>
    </ClInclude>
    <ClInclude Include="..\..\chain.hpp">
      <Filter>XCBase</Filter>
    </ClInclude>
    <ClInclude Include="..\..\constexpr_no.hpp">
      <Filter>XCBase</Filter>
    </ClInclude>
    <ClInclude Include="..\..\either.hpp">
      <Filter>XCBase</Filter>
    </ClInclude>
    <ClInclude Include="..\..\exceptions.hpp">
      <Filter>XCBase</Filter>
    </ClInclude>
    <ClInclude Include="..\..\function.hpp">
      <Filter>XCBase</Filter>
    </ClInclude>
    <ClInclude Include="..\..\future.hpp">
      <Filter>XCBase</Filter>
    </ClInclude>
    <ClInclude Include="..\..\lock.hpp">
      <Filter>XCBase</Filter>
    </ClInclude>
    <ClInclude Include="..\..\rvalue_reference.hpp">
      <Filter>XCBase</Filter>
    </ClInclude>
    <ClInclude Include="..\..\shared_bytes.hpp">
      <Filter>XCBase</Filter>
    </ClInclude>
    <ClInclude Include="..\..\type.hpp">
      <Filter>XCBase</Filter>
    </ClInclude>
    <ClInclude Include="..\..\type_traits.hpp">
      <Filter>XCBase</Filter>
    </ClInclude>
  </ItemGroup>
  <ItemGroup>
    <ClCompile Include="stdafx.cpp">
      <Filter>ソース ファイル</Filter>
    </ClCompile>
    <ClCompile Include="test_bitset.cpp">
      <Filter>ソース ファイル</Filter>
    </ClCompile>
    <ClCompile Include="test_future.cpp">
      <Filter>ソース ファイル</Filter>
    </ClCompile>
    <ClCompile Include="test_bytes.cpp">
      <Filter>ソース ファイル</Filter>
    </ClCompile>
  </ItemGroup>
</Project>